
Microsoft Visual Studio Solution File, Format Version 12.00
# Visual Studio Version 17
VisualStudioVersion = 17.0.32126.317
MinimumVisualStudioVersion = 10.0.40219.1
Project("{FAE04EC0-301F-11D3-BF4B-00C04F79EFBC}") = "moviesAPI", "moviesAPI.csproj", "{006B70F4-7888-4F2E-A8B3-4DAD65306D68}"
EndProject
Global
	GlobalSection(SolutionConfigurationPlatforms) = preSolution
		Debug|Any CPU = Debug|Any CPU
		Release|Any CPU = Release|Any CPU
	EndGlobalSection
	GlobalSection(ProjectConfigurationPlatforms) = postSolution
		{006B70F4-7888-4F2E-A8B3-4DAD65306D68}.Debug|Any CPU.ActiveCfg = Debug|Any CPU
		{006B70F4-7888-4F2E-A8B3-4DAD65306D68}.Debug|Any CPU.Build.0 = Debug|Any CPU
		{006B70F4-7888-4F2E-A8B3-4DAD65306D68}.Release|Any CPU.ActiveCfg = Release|Any CPU
		{006B70F4-7888-4F2E-A8B3-4DAD65306D68}.Release|Any CPU.Build.0 = Release|Any CPU
	EndGlobalSection
	GlobalSection(SolutionProperties) = preSolution
		HideSolutionNode = FALSE
	EndGlobalSection
	GlobalSection(ExtensibilityGlobals) = postSolution
		SolutionGuid = {69964093-1BAB-4AF2-8B0E-1A6C88EC3D07}
	EndGlobalSection
EndGlobal
